
Microsoft Visual Studio Solution File, Format Version 12.00
# Visual Studio Version 17
VisualStudioVersion = 17.0.31903.59
MinimumVisualStudioVersion = 10.0.40219.1
Project("{2150E333-8FDC-42A3-9474-1A3956D46DE8}") = "src", "src", "{10C47D38-EF04-464A-97E3-2FD99937C4F0}"
EndProject
Project("{2150E333-8FDC-42A3-9474-1A3956D46DE8}") = "BuildingBlocks", "BuildingBlocks", "{E8298AA7-0DF9-44F9-A0E2-F4FDD3FCE2E3}"
EndProject
Project("{FAE04EC0-301F-11D3-BF4B-00C04F79EFBC}") = "BuildingBlocks.Application", "src\BuildingBlocks\BuildingBlocks.Application\BuildingBlocks.Application.csproj", "{35E4D8A7-0FE1-40CE-B595-53718264028B}"
EndProject
Project("{FAE04EC0-301F-11D3-BF4B-00C04F79EFBC}") = "BuildingBlocks.Domain", "src\BuildingBlocks\BuildingBlocks.Domain\BuildingBlocks.Domain.csproj", "{78386615-AD0C-485D-994E-A2BA573778F1}"
EndProject
Project("{FAE04EC0-301F-11D3-BF4B-00C04F79EFBC}") = "BuildingBlocks.EventBus", "src\BuildingBlocks\BuildingBlocks.EventBus\BuildingBlocks.EventBus.csproj", "{23E2CC62-27AA-4D35-87A1-8619D7D9BB71}"
EndProject
Project("{FAE04EC0-301F-11D3-BF4B-00C04F79EFBC}") = "BuildingBlocks.Infrastructure", "src\BuildingBlocks\BuildingBlocks.Infrastructure\BuildingBlocks.Infrastructure.csproj", "{5AD3B20E-96B7-468C-8E2C-6216A1825934}"
EndProject
Project("{2150E333-8FDC-42A3-9474-1A3956D46DE8}") = "Gateway", "Gateway", "{6AE3A939-96BC-4BB1-A3F7-D04AF972C53D}"
EndProject
Project("{FAE04EC0-301F-11D3-BF4B-00C04F79EFBC}") = "Erp.Gateway", "src\Gateway\Erp.Gateway\Erp.Gateway.csproj", "{F0B51BD9-5AE1-4113-83B3-7A21161E1636}"
EndProject
Project("{2150E333-8FDC-42A3-9474-1A3956D46DE8}") = "Services", "Services", "{1E3FBC33-7F38-42E1-9EA4-07FD1DA630EE}"
EndProject
Project("{2150E333-8FDC-42A3-9474-1A3956D46DE8}") = "Finance", "Finance", "{B717C48F-32AC-4723-9A6B-76011CF4F4FF}"
EndProject
Project("{FAE04EC0-301F-11D3-BF4B-00C04F79EFBC}") = "Finance.API", "src\Services\Finance\Finance.API\Finance.API.csproj", "{4B27AF43-FF3A-42EB-AD40-8002BC3746BE}"
EndProject
Project("{FAE04EC0-301F-11D3-BF4B-00C04F79EFBC}") = "Finance.Application", "src\Services\Finance\Finance.Application\Finance.Application.csproj", "{114F3B84-C8C2-48E8-9B68-C81280B32250}"
EndProject
Project("{FAE04EC0-301F-11D3-BF4B-00C04F79EFBC}") = "Finance.Domain", "src\Services\Finance\Finance.Domain\Finance.Domain.csproj", "{9B7FB1C1-0546-4B31-8FC4-6339F382A77B}"
EndProject
Project("{FAE04EC0-301F-11D3-BF4B-00C04F79EFBC}") = "Finance.Infrastructure", "src\Services\Finance\Finance.Infrastructure\Finance.Infrastructure.csproj", "{CB3CA54D-FD65-4010-A740-C9DE59238679}"
EndProject
Project("{2150E333-8FDC-42A3-9474-1A3956D46DE8}") = "HR", "HR", "{8DBEC9AF-FA55-48DE-8BDD-C8003C1109C5}"
EndProject
Project("{FAE04EC0-301F-11D3-BF4B-00C04F79EFBC}") = "HR.API", "src\Services\HR\HR.API\HR.API.csproj", "{81F09CDC-ED93-4F80-B136-19EE03C2BDF8}"
EndProject
Project("{FAE04EC0-301F-11D3-BF4B-00C04F79EFBC}") = "HR.Application", "src\Services\HR\HR.Application\HR.Application.csproj", "{5FEE691E-ABDF-4966-81B0-6C2D11327BF9}"
EndProject
Project("{FAE04EC0-301F-11D3-BF4B-00C04F79EFBC}") = "HR.Domain", "src\Services\HR\HR.Domain\HR.Domain.csproj", "{DAF0437E-FA55-405C-828A-A75C4000DF3B}"
EndProject
Project("{FAE04EC0-301F-11D3-BF4B-00C04F79EFBC}") = "HR.Infrastructure", "src\Services\HR\HR.Infrastructure\HR.Infrastructure.csproj", "{64775EC2-E10C-4AD9-92F3-A4462DEDD5C5}"
EndProject
Project("{FAE04EC0-301F-11D3-BF4B-00C04F79EFBC}") = "Identity.API", "src\Services\Identity.API\Identity.API.csproj", "{4CA06D68-D55A-4C10-9634-E3827C28341A}"
EndProject
Project("{FAE04EC0-301F-11D3-BF4B-00C04F79EFBC}") = "Identity.Application", "src\Services\Identity.Application\Identity.Application.csproj", "{CC40843E-C12F-478D-9795-7DA0A3E3B835}"
EndProject
Project("{FAE04EC0-301F-11D3-BF4B-00C04F79EFBC}") = "Identity.Domain", "src\Services\Identity.Domain\Identity.Domain.csproj", "{03E17F5C-127D-4369-9E1B-E8C9391EA6A0}"
EndProject
Project("{FAE04EC0-301F-11D3-BF4B-00C04F79EFBC}") = "Identity.Infrastructure", "src\Services\Identity.Infrastructure\Identity.Infrastructure.csproj", "{BC48EEB6-D159-4D64-81AD-DA6EB4CE24B6}"
EndProject
Project("{2150E333-8FDC-42A3-9474-1A3956D46DE8}") = "Inventory", "Inventory", "{FF2EF033-F784-46C5-B9E6-7D0D4D5C221A}"
EndProject
Project("{FAE04EC0-301F-11D3-BF4B-00C04F79EFBC}") = "Inventory.API", "src\Services\Inventory\Inventory.API\Inventory.API.csproj", "{96F90142-28D5-4D16-A3D3-F71538862AD3}"
EndProject
Project("{FAE04EC0-301F-11D3-BF4B-00C04F79EFBC}") = "Inventory.Application", "src\Services\Inventory\Inventory.Application\Inventory.Application.csproj", "{7D520577-1A54-412C-87D1-C11AD6CABF9F}"
EndProject
Project("{FAE04EC0-301F-11D3-BF4B-00C04F79EFBC}") = "Inventory.Domain", "src\Services\Inventory\Inventory.Domain\Inventory.Domain.csproj", "{1166FBF5-4678-4C5D-B9CC-9D8CCA9636B4}"
EndProject
Project("{FAE04EC0-301F-11D3-BF4B-00C04F79EFBC}") = "Inventory.Infrastructure", "src\Services\Inventory\Inventory.Infrastructure\Inventory.Infrastructure.csproj", "{59CA94DF-5654-45B7-A20C-C7F42CB61F31}"
EndProject
Project("{2150E333-8FDC-42A3-9474-1A3956D46DE8}") = "Maintenance", "Maintenance", "{5FEBE627-1480-4B94-8FEC-DF4D10A2C71A}"
EndProject
Project("{FAE04EC0-301F-11D3-BF4B-00C04F79EFBC}") = "Maintenance.API", "src\Services\Maintenance\Maintenance.API\Maintenance.API.csproj", "{56504888-D3B7-49A3-82A8-FD7A7E0ECBA0}"
EndProject
Project("{FAE04EC0-301F-11D3-BF4B-00C04F79EFBC}") = "Maintenance.Application", "src\Services\Maintenance\Maintenance.Application\Maintenance.Application.csproj", "{E5BA6B7A-6E4D-409A-931D-0C7038575C00}"
EndProject
Project("{FAE04EC0-301F-11D3-BF4B-00C04F79EFBC}") = "Maintenance.Domain", "src\Services\Maintenance\Maintenance.Domain\Maintenance.Domain.csproj", "{2AC190A3-45A2-4A6B-A48B-6D01BD025AFF}"
EndProject
Project("{FAE04EC0-301F-11D3-BF4B-00C04F79EFBC}") = "Maintenance.Infrastructure", "src\Services\Maintenance\Maintenance.Infrastructure\Maintenance.Infrastructure.csproj", "{D3AE798A-6E9E-4531-9A4D-C9F5A6EAF89B}"
EndProject
Project("{2150E333-8FDC-42A3-9474-1A3956D46DE8}") = "Manufacturing", "Manufacturing", "{55785F32-4AAF-4D5C-B765-C84DFBB7CF8B}"
EndProject
Project("{FAE04EC0-301F-11D3-BF4B-00C04F79EFBC}") = "Manufacturing.API", "src\Services\Manufacturing\Manufacturing.API\Manufacturing.API.csproj", "{94660D57-1C8C-4030-8343-8495FC9DFB64}"
EndProject
Project("{FAE04EC0-301F-11D3-BF4B-00C04F79EFBC}") = "Manufacturing.Application", "src\Services\Manufacturing\Manufacturing.Application\Manufacturing.Application.csproj", "{26B7F6CE-76E0-4A6D-89DB-22C619902A1D}"
EndProject
Project("{FAE04EC0-301F-11D3-BF4B-00C04F79EFBC}") = "Manufacturing.Domain", "src\Services\Manufacturing\Manufacturing.Domain\Manufacturing.Domain.csproj", "{02541179-243D-4263-80E0-A40ACCBD0EA0}"
EndProject
Project("{FAE04EC0-301F-11D3-BF4B-00C04F79EFBC}") = "Manufacturing.Infrastructure", "src\Services\Manufacturing\Manufacturing.Infrastructure\Manufacturing.Infrastructure.csproj", "{D42B5847-ACF0-4FD5-B7DC-348E5D57E959}"
EndProject
Project("{2150E333-8FDC-42A3-9474-1A3956D46DE8}") = "Organization", "Organization", "{83A4000F-DEC7-4AF4-BD4D-64BF2C6C29BB}"
EndProject
Project("{FAE04EC0-301F-11D3-BF4B-00C04F79EFBC}") = "Organization.API", "src\Services\Organization\Organization.API\Organization.API.csproj", "{84B6B6B4-D1D0-4665-85F3-4D0953C32F24}"
EndProject
Project("{FAE04EC0-301F-11D3-BF4B-00C04F79EFBC}") = "Organization.Application", "src\Services\Organization\Organization.Application\Organization.Application.csproj", "{F94712C2-3C6E-4DC8-BE02-66BE3D3B0CEE}"
EndProject
Project("{FAE04EC0-301F-11D3-BF4B-00C04F79EFBC}") = "Organization.Domain", "src\Services\Organization\Organization.Domain\Organization.Domain.csproj", "{A3EFE13E-3EE8-4E16-9AEA-155960BD33AC}"
EndProject
Project("{FAE04EC0-301F-11D3-BF4B-00C04F79EFBC}") = "Organization.Infrastructure", "src\Services\Organization\Organization.Infrastructure\Organization.Infrastructure.csproj", "{7018C988-EA4B-4EC8-A508-97EBACF9A207}"
EndProject
Project("{2150E333-8FDC-42A3-9474-1A3956D46DE8}") = "Procurement", "Procurement", "{00E6BEB3-FAA7-4837-B39E-1ABDC2744525}"
EndProject
Project("{FAE04EC0-301F-11D3-BF4B-00C04F79EFBC}") = "Procurement.API", "src\Services\Procurement\Procurement.API\Procurement.API.csproj", "{4CD1017F-8D4A-40EF-8F45-D4C3D0DCE955}"
EndProject
Project("{FAE04EC0-301F-11D3-BF4B-00C04F79EFBC}") = "Procurement.Application", "src\Services\Procurement\Procurement.Application\Procurement.Application.csproj", "{E4A2DC6A-2CE9-4DB4-8A37-A4AED60E155D}"
EndProject
Project("{FAE04EC0-301F-11D3-BF4B-00C04F79EFBC}") = "Procurement.Domain", "src\Services\Procurement\Procurement.Domain\Procurement.Domain.csproj", "{430DA372-36F7-41CF-93DE-809355B8F2C7}"
EndProject
Project("{FAE04EC0-301F-11D3-BF4B-00C04F79EFBC}") = "Procurement.Infrastructure", "src\Services\Procurement\Procurement.Infrastructure\Procurement.Infrastructure.csproj", "{5061B79E-DDBD-4AAC-9E8D-538A43D3C374}"
EndProject
Project("{2150E333-8FDC-42A3-9474-1A3956D46DE8}") = "Product", "Product", "{F83A78BE-BB29-45A3-A6E7-FD500BCFA899}"
EndProject
Project("{FAE04EC0-301F-11D3-BF4B-00C04F79EFBC}") = "Product.API", "src\Services\Product\Product.API\Product.API.csproj", "{7EA02FB5-DA59-478F-BCD3-33A7D8909D53}"
EndProject
Project("{FAE04EC0-301F-11D3-BF4B-00C04F79EFBC}") = "Product.Application", "src\Services\Product\Product.Application\Product.Application.csproj", "{D391BF8B-A5D0-4317-AA21-296A9E923BF6}"
EndProject
Project("{FAE04EC0-301F-11D3-BF4B-00C04F79EFBC}") = "Product.Domain", "src\Services\Product\Product.Domain\Product.Domain.csproj", "{8B8F912A-705C-4119-A4F0-F0CF138281CF}"
EndProject
Project("{FAE04EC0-301F-11D3-BF4B-00C04F79EFBC}") = "Product.Infrastructure", "src\Services\Product\Product.Infrastructure\Product.Infrastructure.csproj", "{5AF2F2FB-83AA-46E3-A5EF-79DCEC10F273}"
EndProject
Project("{2150E333-8FDC-42A3-9474-1A3956D46DE8}") = "Quality", "Quality", "{63EED86D-240D-4930-B18D-F121B8792B4E}"
EndProject
Project("{FAE04EC0-301F-11D3-BF4B-00C04F79EFBC}") = "Quality.API", "src\Services\Quality\Quality.API\Quality.API.csproj", "{26512683-0BBF-4707-A9DA-040A9ECC0D38}"
EndProject
Project("{FAE04EC0-301F-11D3-BF4B-00C04F79EFBC}") = "Quality.Application", "src\Services\Quality\Quality.Application\Quality.Application.csproj", "{D8F16A3A-263E-40C9-9C25-2AFF7EE1BA54}"
EndProject
Project("{FAE04EC0-301F-11D3-BF4B-00C04F79EFBC}") = "Quality.Domain", "src\Services\Quality\Quality.Domain\Quality.Domain.csproj", "{851AC670-E939-4EEA-BBA3-2006BA750411}"
EndProject
Project("{FAE04EC0-301F-11D3-BF4B-00C04F79EFBC}") = "Quality.Infrastructure", "src\Services\Quality\Quality.Infrastructure\Quality.Infrastructure.csproj", "{8A52043E-7F56-44FF-BFC5-9C6685F4DB7C}"
EndProject
Project("{2150E333-8FDC-42A3-9474-1A3956D46DE8}") = "Reporting", "Reporting", "{31C5F88E-FE24-4E55-B51D-9B9925B31944}"
EndProject
Project("{FAE04EC0-301F-11D3-BF4B-00C04F79EFBC}") = "Reporting.API", "src\Services\Reporting\Reporting.API\Reporting.API.csproj", "{00D0B82A-4D90-4EF4-8B70-EC30D5CE34D3}"
EndProject
Project("{FAE04EC0-301F-11D3-BF4B-00C04F79EFBC}") = "Reporting.Application", "src\Services\Reporting\Reporting.Application\Reporting.Application.csproj", "{271DEADD-4018-4C9D-BD38-E0550D46F9CD}"
EndProject
Project("{FAE04EC0-301F-11D3-BF4B-00C04F79EFBC}") = "Reporting.Domain", "src\Services\Reporting\Reporting.Domain\Reporting.Domain.csproj", "{C9EA1B67-84BE-4D68-923A-3A261ECC5429}"
EndProject
Project("{FAE04EC0-301F-11D3-BF4B-00C04F79EFBC}") = "Reporting.Infrastructure", "src\Services\Reporting\Reporting.Infrastructure\Reporting.Infrastructure.csproj", "{3A5E7A3C-41B8-4699-834A-B8294777A684}"
EndProject
Project("{2150E333-8FDC-42A3-9474-1A3956D46DE8}") = "Sales", "Sales", "{DBE4F42E-969D-43CD-85EB-5C414783504D}"
EndProject
Project("{FAE04EC0-301F-11D3-BF4B-00C04F79EFBC}") = "Sales.API", "src\Services\Sales\Sales.API\Sales.API.csproj", "{38E84C6B-2352-477A-A1B0-400437676213}"
EndProject
Project("{FAE04EC0-301F-11D3-BF4B-00C04F79EFBC}") = "Sales.Application", "src\Services\Sales\Sales.Application\Sales.Application.csproj", "{51F00473-B760-40C0-BE50-AD33D5870E1D}"
EndProject
Project("{FAE04EC0-301F-11D3-BF4B-00C04F79EFBC}") = "Sales.Domain", "src\Services\Sales\Sales.Domain\Sales.Domain.csproj", "{8217A716-DCC9-4A23-B39A-C24BE2535884}"
EndProject
Project("{FAE04EC0-301F-11D3-BF4B-00C04F79EFBC}") = "Sales.Infrastructure", "src\Services\Sales\Sales.Infrastructure\Sales.Infrastructure.csproj", "{314C4B85-528B-43EE-A16C-2BDA65D0ADCA}"
EndProject
Project("{2150E333-8FDC-42A3-9474-1A3956D46DE8}") = "tests", "tests", "{A73F4B06-B8B8-4E37-B109-51F7E022A74D}"
EndProject
Project("{FAE04EC0-301F-11D3-BF4B-00C04F79EFBC}") = "Identity.IntegrationTests", "tests\Identity.IntegrationTests\Identity.IntegrationTests.csproj", "{2D37DE9A-AE33-4D7F-B5A7-E8E612CCAA5B}"
EndProject
Project("{FAE04EC0-301F-11D3-BF4B-00C04F79EFBC}") = "Identity.UnitTests", "tests\Identity.UnitTests\Identity.UnitTests.csproj", "{86242CC2-4EF1-450E-9FC3-8F58E6AB5D35}"
EndProject
Global
	GlobalSection(SolutionConfigurationPlatforms) = preSolution
		Debug|Any CPU = Debug|Any CPU
		Release|Any CPU = Release|Any CPU
	EndGlobalSection
	GlobalSection(SolutionProperties) = preSolution
		HideSolutionNode = FALSE
	EndGlobalSection
	GlobalSection(ProjectConfigurationPlatforms) = postSolution
		{35E4D8A7-0FE1-40CE-B595-53718264028B}.Debug|Any CPU.ActiveCfg = Debug|Any CPU
		{35E4D8A7-0FE1-40CE-B595-53718264028B}.Debug|Any CPU.Build.0 = Debug|Any CPU
		{35E4D8A7-0FE1-40CE-B595-53718264028B}.Release|Any CPU.ActiveCfg = Release|Any CPU
		{35E4D8A7-0FE1-40CE-B595-53718264028B}.Release|Any CPU.Build.0 = Release|Any CPU
		{78386615-AD0C-485D-994E-A2BA573778F1}.Debug|Any CPU.ActiveCfg = Debug|Any CPU
		{78386615-AD0C-485D-994E-A2BA573778F1}.Debug|Any CPU.Build.0 = Debug|Any CPU
		{78386615-AD0C-485D-994E-A2BA573778F1}.Release|Any CPU.ActiveCfg = Release|Any CPU
		{78386615-AD0C-485D-994E-A2BA573778F1}.Release|Any CPU.Build.0 = Release|Any CPU
		{23E2CC62-27AA-4D35-87A1-8619D7D9BB71}.Debug|Any CPU.ActiveCfg = Debug|Any CPU
		{23E2CC62-27AA-4D35-87A1-8619D7D9BB71}.Debug|Any CPU.Build.0 = Debug|Any CPU
		{23E2CC62-27AA-4D35-87A1-8619D7D9BB71}.Release|Any CPU.ActiveCfg = Release|Any CPU
		{23E2CC62-27AA-4D35-87A1-8619D7D9BB71}.Release|Any CPU.Build.0 = Release|Any CPU
		{5AD3B20E-96B7-468C-8E2C-6216A1825934}.Debug|Any CPU.ActiveCfg = Debug|Any CPU
		{5AD3B20E-96B7-468C-8E2C-6216A1825934}.Debug|Any CPU.Build.0 = Debug|Any CPU
		{5AD3B20E-96B7-468C-8E2C-6216A1825934}.Release|Any CPU.ActiveCfg = Release|Any CPU
		{5AD3B20E-96B7-468C-8E2C-6216A1825934}.Release|Any CPU.Build.0 = Release|Any CPU
		{F0B51BD9-5AE1-4113-83B3-7A21161E1636}.Debug|Any CPU.ActiveCfg = Debug|Any CPU
		{F0B51BD9-5AE1-4113-83B3-7A21161E1636}.Debug|Any CPU.Build.0 = Debug|Any CPU
		{F0B51BD9-5AE1-4113-83B3-7A21161E1636}.Release|Any CPU.ActiveCfg = Release|Any CPU
		{F0B51BD9-5AE1-4113-83B3-7A21161E1636}.Release|Any CPU.Build.0 = Release|Any CPU
		{4B27AF43-FF3A-42EB-AD40-8002BC3746BE}.Debug|Any CPU.ActiveCfg = Debug|Any CPU
		{4B27AF43-FF3A-42EB-AD40-8002BC3746BE}.Debug|Any CPU.Build.0 = Debug|Any CPU
		{4B27AF43-FF3A-42EB-AD40-8002BC3746BE}.Release|Any CPU.ActiveCfg = Release|Any CPU
		{4B27AF43-FF3A-42EB-AD40-8002BC3746BE}.Release|Any CPU.Build.0 = Release|Any CPU
		{114F3B84-C8C2-48E8-9B68-C81280B32250}.Debug|Any CPU.ActiveCfg = Debug|Any CPU
		{114F3B84-C8C2-48E8-9B68-C81280B32250}.Debug|Any CPU.Build.0 = Debug|Any CPU
		{114F3B84-C8C2-48E8-9B68-C81280B32250}.Release|Any CPU.ActiveCfg = Release|Any CPU
		{114F3B84-C8C2-48E8-9B68-C81280B32250}.Release|Any CPU.Build.0 = Release|Any CPU
		{9B7FB1C1-0546-4B31-8FC4-6339F382A77B}.Debug|Any CPU.ActiveCfg = Debug|Any CPU
		{9B7FB1C1-0546-4B31-8FC4-6339F382A77B}.Debug|Any CPU.Build.0 = Debug|Any CPU
		{9B7FB1C1-0546-4B31-8FC4-6339F382A77B}.Release|Any CPU.ActiveCfg = Release|Any CPU
		{9B7FB1C1-0546-4B31-8FC4-6339F382A77B}.Release|Any CPU.Build.0 = Release|Any CPU
		{CB3CA54D-FD65-4010-A740-C9DE59238679}.Debug|Any CPU.ActiveCfg = Debug|Any CPU
		{CB3CA54D-FD65-4010-A740-C9DE59238679}.Debug|Any CPU.Build.0 = Debug|Any CPU
		{CB3CA54D-FD65-4010-A740-C9DE59238679}.Release|Any CPU.ActiveCfg = Release|Any CPU
		{CB3CA54D-FD65-4010-A740-C9DE59238679}.Release|Any CPU.Build.0 = Release|Any CPU
		{81F09CDC-ED93-4F80-B136-19EE03C2BDF8}.Debug|Any CPU.ActiveCfg = Debug|Any CPU
		{81F09CDC-ED93-4F80-B136-19EE03C2BDF8}.Debug|Any CPU.Build.0 = Debug|Any CPU
		{81F09CDC-ED93-4F80-B136-19EE03C2BDF8}.Release|Any CPU.ActiveCfg = Release|Any CPU
		{81F09CDC-ED93-4F80-B136-19EE03C2BDF8}.Release|Any CPU.Build.0 = Release|Any CPU
		{5FEE691E-ABDF-4966-81B0-6C2D11327BF9}.Debug|Any CPU.ActiveCfg = Debug|Any CPU
		{5FEE691E-ABDF-4966-81B0-6C2D11327BF9}.Debug|Any CPU.Build.0 = Debug|Any CPU
		{5FEE691E-ABDF-4966-81B0-6C2D11327BF9}.Release|Any CPU.ActiveCfg = Release|Any CPU
		{5FEE691E-ABDF-4966-81B0-6C2D11327BF9}.Release|Any CPU.Build.0 = Release|Any CPU
		{DAF0437E-FA55-405C-828A-A75C4000DF3B}.Debug|Any CPU.ActiveCfg = Debug|Any CPU
		{DAF0437E-FA55-405C-828A-A75C4000DF3B}.Debug|Any CPU.Build.0 = Debug|Any CPU
		{DAF0437E-FA55-405C-828A-A75C4000DF3B}.Release|Any CPU.ActiveCfg = Release|Any CPU
		{DAF0437E-FA55-405C-828A-A75C4000DF3B}.Release|Any CPU.Build.0 = Release|Any CPU
		{64775EC2-E10C-4AD9-92F3-A4462DEDD5C5}.Debug|Any CPU.ActiveCfg = Debug|Any CPU
		{64775EC2-E10C-4AD9-92F3-A4462DEDD5C5}.Debug|Any CPU.Build.0 = Debug|Any CPU
		{64775EC2-E10C-4AD9-92F3-A4462DEDD5C5}.Release|Any CPU.ActiveCfg = Release|Any CPU
		{64775EC2-E10C-4AD9-92F3-A4462DEDD5C5}.Release|Any CPU.Build.0 = Release|Any CPU
		{4CA06D68-D55A-4C10-9634-E3827C28341A}.Debug|Any CPU.ActiveCfg = Debug|Any CPU
		{4CA06D68-D55A-4C10-9634-E3827C28341A}.Debug|Any CPU.Build.0 = Debug|Any CPU
		{4CA06D68-D55A-4C10-9634-E3827C28341A}.Release|Any CPU.ActiveCfg = Release|Any CPU
		{4CA06D68-D55A-4C10-9634-E3827C28341A}.Release|Any CPU.Build.0 = Release|Any CPU
		{CC40843E-C12F-478D-9795-7DA0A3E3B835}.Debug|Any CPU.ActiveCfg = Debug|Any CPU
		{CC40843E-C12F-478D-9795-7DA0A3E3B835}.Debug|Any CPU.Build.0 = Debug|Any CPU
		{CC40843E-C12F-478D-9795-7DA0A3E3B835}.Release|Any CPU.ActiveCfg = Release|Any CPU
		{CC40843E-C12F-478D-9795-7DA0A3E3B835}.Release|Any CPU.Build.0 = Release|Any CPU
		{03E17F5C-127D-4369-9E1B-E8C9391EA6A0}.Debug|Any CPU.ActiveCfg = Debug|Any CPU
		{03E17F5C-127D-4369-9E1B-E8C9391EA6A0}.Debug|Any CPU.Build.0 = Debug|Any CPU
		{03E17F5C-127D-4369-9E1B-E8C9391EA6A0}.Release|Any CPU.ActiveCfg = Release|Any CPU
		{03E17F5C-127D-4369-9E1B-E8C9391EA6A0}.Release|Any CPU.Build.0 = Release|Any CPU
		{BC48EEB6-D159-4D64-81AD-DA6EB4CE24B6}.Debug|Any CPU.ActiveCfg = Debug|Any CPU
		{BC48EEB6-D159-4D64-81AD-DA6EB4CE24B6}.Debug|Any CPU.Build.0 = Debug|Any CPU
		{BC48EEB6-D159-4D64-81AD-DA6EB4CE24B6}.Release|Any CPU.ActiveCfg = Release|Any CPU
		{BC48EEB6-D159-4D64-81AD-DA6EB4CE24B6}.Release|Any CPU.Build.0 = Release|Any CPU
		{96F90142-28D5-4D16-A3D3-F71538862AD3}.Debug|Any CPU.ActiveCfg = Debug|Any CPU
		{96F90142-28D5-4D16-A3D3-F71538862AD3}.Debug|Any CPU.Build.0 = Debug|Any CPU
		{96F90142-28D5-4D16-A3D3-F71538862AD3}.Release|Any CPU.ActiveCfg = Release|Any CPU
		{96F90142-28D5-4D16-A3D3-F71538862AD3}.Release|Any CPU.Build.0 = Release|Any CPU
		{7D520577-1A54-412C-87D1-C11AD6CABF9F}.Debug|Any CPU.ActiveCfg = Debug|Any CPU
		{7D520577-1A54-412C-87D1-C11AD6CABF9F}.Debug|Any CPU.Build.0 = Debug|Any CPU
		{7D520577-1A54-412C-87D1-C11AD6CABF9F}.Release|Any CPU.ActiveCfg = Release|Any CPU
		{7D520577-1A54-412C-87D1-C11AD6CABF9F}.Release|Any CPU.Build.0 = Release|Any CPU
		{1166FBF5-4678-4C5D-B9CC-9D8CCA9636B4}.Debug|Any CPU.ActiveCfg = Debug|Any CPU
		{1166FBF5-4678-4C5D-B9CC-9D8CCA9636B4}.Debug|Any CPU.Build.0 = Debug|Any CPU
		{1166FBF5-4678-4C5D-B9CC-9D8CCA9636B4}.Release|Any CPU.ActiveCfg = Release|Any CPU
		{1166FBF5-4678-4C5D-B9CC-9D8CCA9636B4}.Release|Any CPU.Build.0 = Release|Any CPU
		{59CA94DF-5654-45B7-A20C-C7F42CB61F31}.Debug|Any CPU.ActiveCfg = Debug|Any CPU
		{59CA94DF-5654-45B7-A20C-C7F42CB61F31}.Debug|Any CPU.Build.0 = Debug|Any CPU
		{59CA94DF-5654-45B7-A20C-C7F42CB61F31}.Release|Any CPU.ActiveCfg = Release|Any CPU
		{59CA94DF-5654-45B7-A20C-C7F42CB61F31}.Release|Any CPU.Build.0 = Release|Any CPU
		{56504888-D3B7-49A3-82A8-FD7A7E0ECBA0}.Debug|Any CPU.ActiveCfg = Debug|Any CPU
		{56504888-D3B7-49A3-82A8-FD7A7E0ECBA0}.Debug|Any CPU.Build.0 = Debug|Any CPU
		{56504888-D3B7-49A3-82A8-FD7A7E0ECBA0}.Release|Any CPU.ActiveCfg = Release|Any CPU
		{56504888-D3B7-49A3-82A8-FD7A7E0ECBA0}.Release|Any CPU.Build.0 = Release|Any CPU
		{E5BA6B7A-6E4D-409A-931D-0C7038575C00}.Debug|Any CPU.ActiveCfg = Debug|Any CPU
		{E5BA6B7A-6E4D-409A-931D-0C7038575C00}.Debug|Any CPU.Build.0 = Debug|Any CPU
		{E5BA6B7A-6E4D-409A-931D-0C7038575C00}.Release|Any CPU.ActiveCfg = Release|Any CPU
		{E5BA6B7A-6E4D-409A-931D-0C7038575C00}.Release|Any CPU.Build.0 = Release|Any CPU
		{2AC190A3-45A2-4A6B-A48B-6D01BD025AFF}.Debug|Any CPU.ActiveCfg = Debug|Any CPU
		{2AC190A3-45A2-4A6B-A48B-6D01BD025AFF}.Debug|Any CPU.Build.0 = Debug|Any CPU
		{2AC190A3-45A2-4A6B-A48B-6D01BD025AFF}.Release|Any CPU.ActiveCfg = Release|Any CPU
		{2AC190A3-45A2-4A6B-A48B-6D01BD025AFF}.Release|Any CPU.Build.0 = Release|Any CPU
		{D3AE798A-6E9E-4531-9A4D-C9F5A6EAF89B}.Debug|Any CPU.ActiveCfg = Debug|Any CPU
		{D3AE798A-6E9E-4531-9A4D-C9F5A6EAF89B}.Debug|Any CPU.Build.0 = Debug|Any CPU
		{D3AE798A-6E9E-4531-9A4D-C9F5A6EAF89B}.Release|Any CPU.ActiveCfg = Release|Any CPU
		{D3AE798A-6E9E-4531-9A4D-C9F5A6EAF89B}.Release|Any CPU.Build.0 = Release|Any CPU
		{94660D57-1C8C-4030-8343-8495FC9DFB64}.Debug|Any CPU.ActiveCfg = Debug|Any CPU
		{94660D57-1C8C-4030-8343-8495FC9DFB64}.Debug|Any CPU.Build.0 = Debug|Any CPU
		{94660D57-1C8C-4030-8343-8495FC9DFB64}.Release|Any CPU.ActiveCfg = Release|Any CPU
		{94660D57-1C8C-4030-8343-8495FC9DFB64}.Release|Any CPU.Build.0 = Release|Any CPU
		{26B7F6CE-76E0-4A6D-89DB-22C619902A1D}.Debug|Any CPU.ActiveCfg = Debug|Any CPU
		{26B7F6CE-76E0-4A6D-89DB-22C619902A1D}.Debug|Any CPU.Build.0 = Debug|Any CPU
		{26B7F6CE-76E0-4A6D-89DB-22C619902A1D}.Release|Any CPU.ActiveCfg = Release|Any CPU
		{26B7F6CE-76E0-4A6D-89DB-22C619902A1D}.Release|Any CPU.Build.0 = Release|Any CPU
		{02541179-243D-4263-80E0-A40ACCBD0EA0}.Debug|Any CPU.ActiveCfg = Debug|Any CPU
		{02541179-243D-4263-80E0-A40ACCBD0EA0}.Debug|Any CPU.Build.0 = Debug|Any CPU
		{02541179-243D-4263-80E0-A40ACCBD0EA0}.Release|Any CPU.ActiveCfg = Release|Any CPU
		{02541179-243D-4263-80E0-A40ACCBD0EA0}.Release|Any CPU.Build.0 = Release|Any CPU
		{D42B5847-ACF0-4FD5-B7DC-348E5D57E959}.Debug|Any CPU.ActiveCfg = Debug|Any CPU
		{D42B5847-ACF0-4FD5-B7DC-348E5D57E959}.Debug|Any CPU.Build.0 = Debug|Any CPU
		{D42B5847-ACF0-4FD5-B7DC-348E5D57E959}.Release|Any CPU.ActiveCfg = Release|Any CPU
		{D42B5847-ACF0-4FD5-B7DC-348E5D57E959}.Release|Any CPU.Build.0 = Release|Any CPU
		{84B6B6B4-D1D0-4665-85F3-4D0953C32F24}.Debug|Any CPU.ActiveCfg = Debug|Any CPU
		{84B6B6B4-D1D0-4665-85F3-4D0953C32F24}.Debug|Any CPU.Build.0 = Debug|Any CPU
		{84B6B6B4-D1D0-4665-85F3-4D0953C32F24}.Release|Any CPU.ActiveCfg = Release|Any CPU
		{84B6B6B4-D1D0-4665-85F3-4D0953C32F24}.Release|Any CPU.Build.0 = Release|Any CPU
		{F94712C2-3C6E-4DC8-BE02-66BE3D3B0CEE}.Debug|Any CPU.ActiveCfg = Debug|Any CPU
		{F94712C2-3C6E-4DC8-BE02-66BE3D3B0CEE}.Debug|Any CPU.Build.0 = Debug|Any CPU
		{F94712C2-3C6E-4DC8-BE02-66BE3D3B0CEE}.Release|Any CPU.ActiveCfg = Release|Any CPU
		{F94712C2-3C6E-4DC8-BE02-66BE3D3B0CEE}.Release|Any CPU.Build.0 = Release|Any CPU
		{A3EFE13E-3EE8-4E16-9AEA-155960BD33AC}.Debug|Any CPU.ActiveCfg = Debug|Any CPU
		{A3EFE13E-3EE8-4E16-9AEA-155960BD33AC}.Debug|Any CPU.Build.0 = Debug|Any CPU
		{A3EFE13E-3EE8-4E16-9AEA-155960BD33AC}.Release|Any CPU.ActiveCfg = Release|Any CPU
		{A3EFE13E-3EE8-4E16-9AEA-155960BD33AC}.Release|Any CPU.Build.0 = Release|Any CPU
		{7018C988-EA4B-4EC8-A508-97EBACF9A207}.Debug|Any CPU.ActiveCfg = Debug|Any CPU
		{7018C988-EA4B-4EC8-A508-97EBACF9A207}.Debug|Any CPU.Build.0 = Debug|Any CPU
		{7018C988-EA4B-4EC8-A508-97EBACF9A207}.Release|Any CPU.ActiveCfg = Release|Any CPU
		{7018C988-EA4B-4EC8-A508-97EBACF9A207}.Release|Any CPU.Build.0 = Release|Any CPU
		{4CD1017F-8D4A-40EF-8F45-D4C3D0DCE955}.Debug|Any CPU.ActiveCfg = Debug|Any CPU
		{4CD1017F-8D4A-40EF-8F45-D4C3D0DCE955}.Debug|Any CPU.Build.0 = Debug|Any CPU
		{4CD1017F-8D4A-40EF-8F45-D4C3D0DCE955}.Release|Any CPU.ActiveCfg = Release|Any CPU
		{4CD1017F-8D4A-40EF-8F45-D4C3D0DCE955}.Release|Any CPU.Build.0 = Release|Any CPU
		{E4A2DC6A-2CE9-4DB4-8A37-A4AED60E155D}.Debug|Any CPU.ActiveCfg = Debug|Any CPU
		{E4A2DC6A-2CE9-4DB4-8A37-A4AED60E155D}.Debug|Any CPU.Build.0 = Debug|Any CPU
		{E4A2DC6A-2CE9-4DB4-8A37-A4AED60E155D}.Release|Any CPU.ActiveCfg = Release|Any CPU
		{E4A2DC6A-2CE9-4DB4-8A37-A4AED60E155D}.Release|Any CPU.Build.0 = Release|Any CPU
		{430DA372-36F7-41CF-93DE-809355B8F2C7}.Debug|Any CPU.ActiveCfg = Debug|Any CPU
		{430DA372-36F7-41CF-93DE-809355B8F2C7}.Debug|Any CPU.Build.0 = Debug|Any CPU
		{430DA372-36F7-41CF-93DE-809355B8F2C7}.Release|Any CPU.ActiveCfg = Release|Any CPU
		{430DA372-36F7-41CF-93DE-809355B8F2C7}.Release|Any CPU.Build.0 = Release|Any CPU
		{5061B79E-DDBD-4AAC-9E8D-538A43D3C374}.Debug|Any CPU.ActiveCfg = Debug|Any CPU
		{5061B79E-DDBD-4AAC-9E8D-538A43D3C374}.Debug|Any CPU.Build.0 = Debug|Any CPU
		{5061B79E-DDBD-4AAC-9E8D-538A43D3C374}.Release|Any CPU.ActiveCfg = Release|Any CPU
		{5061B79E-DDBD-4AAC-9E8D-538A43D3C374}.Release|Any CPU.Build.0 = Release|Any CPU
		{7EA02FB5-DA59-478F-BCD3-33A7D8909D53}.Debug|Any CPU.ActiveCfg = Debug|Any CPU
		{7EA02FB5-DA59-478F-BCD3-33A7D8909D53}.Debug|Any CPU.Build.0 = Debug|Any CPU
		{7EA02FB5-DA59-478F-BCD3-33A7D8909D53}.Release|Any CPU.ActiveCfg = Release|Any CPU
		{7EA02FB5-DA59-478F-BCD3-33A7D8909D53}.Release|Any CPU.Build.0 = Release|Any CPU
		{D391BF8B-A5D0-4317-AA21-296A9E923BF6}.Debug|Any CPU.ActiveCfg = Debug|Any CPU
		{D391BF8B-A5D0-4317-AA21-296A9E923BF6}.Debug|Any CPU.Build.0 = Debug|Any CPU
		{D391BF8B-A5D0-4317-AA21-296A9E923BF6}.Release|Any CPU.ActiveCfg = Release|Any CPU
		{D391BF8B-A5D0-4317-AA21-296A9E923BF6}.Release|Any CPU.Build.0 = Release|Any CPU
		{8B8F912A-705C-4119-A4F0-F0CF138281CF}.Debug|Any CPU.ActiveCfg = Debug|Any CPU
		{8B8F912A-705C-4119-A4F0-F0CF138281CF}.Debug|Any CPU.Build.0 = Debug|Any CPU
		{8B8F912A-705C-4119-A4F0-F0CF138281CF}.Release|Any CPU.ActiveCfg = Release|Any CPU
		{8B8F912A-705C-4119-A4F0-F0CF138281CF}.Release|Any CPU.Build.0 = Release|Any CPU
		{5AF2F2FB-83AA-46E3-A5EF-79DCEC10F273}.Debug|Any CPU.ActiveCfg = Debug|Any CPU
		{5AF2F2FB-83AA-46E3-A5EF-79DCEC10F273}.Debug|Any CPU.Build.0 = Debug|Any CPU
		{5AF2F2FB-83AA-46E3-A5EF-79DCEC10F273}.Release|Any CPU.ActiveCfg = Release|Any CPU
		{5AF2F2FB-83AA-46E3-A5EF-79DCEC10F273}.Release|Any CPU.Build.0 = Release|Any CPU
		{26512683-0BBF-4707-A9DA-040A9ECC0D38}.Debug|Any CPU.ActiveCfg = Debug|Any CPU
		{26512683-0BBF-4707-A9DA-040A9ECC0D38}.Debug|Any CPU.Build.0 = Debug|Any CPU
		{26512683-0BBF-4707-A9DA-040A9ECC0D38}.Release|Any CPU.ActiveCfg = Release|Any CPU
		{26512683-0BBF-4707-A9DA-040A9ECC0D38}.Release|Any CPU.Build.0 = Release|Any CPU
		{D8F16A3A-263E-40C9-9C25-2AFF7EE1BA54}.Debug|Any CPU.ActiveCfg = Debug|Any CPU
		{D8F16A3A-263E-40C9-9C25-2AFF7EE1BA54}.Debug|Any CPU.Build.0 = Debug|Any CPU
		{D8F16A3A-263E-40C9-9C25-2AFF7EE1BA54}.Release|Any CPU.ActiveCfg = Release|Any CPU
		{D8F16A3A-263E-40C9-9C25-2AFF7EE1BA54}.Release|Any CPU.Build.0 = Release|Any CPU
		{851AC670-E939-4EEA-BBA3-2006BA750411}.Debug|Any CPU.ActiveCfg = Debug|Any CPU
		{851AC670-E939-4EEA-BBA3-2006BA750411}.Debug|Any CPU.Build.0 = Debug|Any CPU
		{851AC670-E939-4EEA-BBA3-2006BA750411}.Release|Any CPU.ActiveCfg = Release|Any CPU
		{851AC670-E939-4EEA-BBA3-2006BA750411}.Release|Any CPU.Build.0 = Release|Any CPU
		{8A52043E-7F56-44FF-BFC5-9C6685F4DB7C}.Debug|Any CPU.ActiveCfg = Debug|Any CPU
		{8A52043E-7F56-44FF-BFC5-9C6685F4DB7C}.Debug|Any CPU.Build.0 = Debug|Any CPU
		{8A52043E-7F56-44FF-BFC5-9C6685F4DB7C}.Release|Any CPU.ActiveCfg = Release|Any CPU
		{8A52043E-7F56-44FF-BFC5-9C6685F4DB7C}.Release|Any CPU.Build.0 = Release|Any CPU
		{00D0B82A-4D90-4EF4-8B70-EC30D5CE34D3}.Debug|Any CPU.ActiveCfg = Debug|Any CPU
		{00D0B82A-4D90-4EF4-8B70-EC30D5CE34D3}.Debug|Any CPU.Build.0 = Debug|Any CPU
		{00D0B82A-4D90-4EF4-8B70-EC30D5CE34D3}.Release|Any CPU.ActiveCfg = Release|Any CPU
		{00D0B82A-4D90-4EF4-8B70-EC30D5CE34D3}.Release|Any CPU.Build.0 = Release|Any CPU
		{271DEADD-4018-4C9D-BD38-E0550D46F9CD}.Debug|Any CPU.ActiveCfg = Debug|Any CPU
		{271DEADD-4018-4C9D-BD38-E0550D46F9CD}.Debug|Any CPU.Build.0 = Debug|Any CPU
		{271DEADD-4018-4C9D-BD38-E0550D46F9CD}.Release|Any CPU.ActiveCfg = Release|Any CPU
		{271DEADD-4018-4C9D-BD38-E0550D46F9CD}.Release|Any CPU.Build.0 = Release|Any CPU
		{C9EA1B67-84BE-4D68-923A-3A261ECC5429}.Debug|Any CPU.ActiveCfg = Debug|Any CPU
		{C9EA1B67-84BE-4D68-923A-3A261ECC5429}.Debug|Any CPU.Build.0 = Debug|Any CPU
		{C9EA1B67-84BE-4D68-923A-3A261ECC5429}.Release|Any CPU.ActiveCfg = Release|Any CPU
		{C9EA1B67-84BE-4D68-923A-3A261ECC5429}.Release|Any CPU.Build.0 = Release|Any CPU
		{3A5E7A3C-41B8-4699-834A-B8294777A684}.Debug|Any CPU.ActiveCfg = Debug|Any CPU
		{3A5E7A3C-41B8-4699-834A-B8294777A684}.Debug|Any CPU.Build.0 = Debug|Any CPU
		{3A5E7A3C-41B8-4699-834A-B8294777A684}.Release|Any CPU.ActiveCfg = Release|Any CPU
		{3A5E7A3C-41B8-4699-834A-B8294777A684}.Release|Any CPU.Build.0 = Release|Any CPU
		{38E84C6B-2352-477A-A1B0-400437676213}.Debug|Any CPU.ActiveCfg = Debug|Any CPU
		{38E84C6B-2352-477A-A1B0-400437676213}.Debug|Any CPU.Build.0 = Debug|Any CPU
		{38E84C6B-2352-477A-A1B0-400437676213}.Release|Any CPU.ActiveCfg = Release|Any CPU
		{38E84C6B-2352-477A-A1B0-400437676213}.Release|Any CPU.Build.0 = Release|Any CPU
		{51F00473-B760-40C0-BE50-AD33D5870E1D}.Debug|Any CPU.ActiveCfg = Debug|Any CPU
		{51F00473-B760-40C0-BE50-AD33D5870E1D}.Debug|Any CPU.Build.0 = Debug|Any CPU
		{51F00473-B760-40C0-BE50-AD33D5870E1D}.Release|Any CPU.ActiveCfg = Release|Any CPU
		{51F00473-B760-40C0-BE50-AD33D5870E1D}.Release|Any CPU.Build.0 = Release|Any CPU
		{8217A716-DCC9-4A23-B39A-C24BE2535884}.Debug|Any CPU.ActiveCfg = Debug|Any CPU
		{8217A716-DCC9-4A23-B39A-C24BE2535884}.Debug|Any CPU.Build.0 = Debug|Any CPU
		{8217A716-DCC9-4A23-B39A-C24BE2535884}.Release|Any CPU.ActiveCfg = Release|Any CPU
		{8217A716-DCC9-4A23-B39A-C24BE2535884}.Release|Any CPU.Build.0 = Release|Any CPU
		{314C4B85-528B-43EE-A16C-2BDA65D0ADCA}.Debug|Any CPU.ActiveCfg = Debug|Any CPU
		{314C4B85-528B-43EE-A16C-2BDA65D0ADCA}.Debug|Any CPU.Build.0 = Debug|Any CPU
		{314C4B85-528B-43EE-A16C-2BDA65D0ADCA}.Release|Any CPU.ActiveCfg = Release|Any CPU
		{314C4B85-528B-43EE-A16C-2BDA65D0ADCA}.Release|Any CPU.Build.0 = Release|Any CPU
		{2D37DE9A-AE33-4D7F-B5A7-E8E612CCAA5B}.Debug|Any CPU.ActiveCfg = Debug|Any CPU
		{2D37DE9A-AE33-4D7F-B5A7-E8E612CCAA5B}.Debug|Any CPU.Build.0 = Debug|Any CPU
		{2D37DE9A-AE33-4D7F-B5A7-E8E612CCAA5B}.Release|Any CPU.ActiveCfg = Release|Any CPU
		{2D37DE9A-AE33-4D7F-B5A7-E8E612CCAA5B}.Release|Any CPU.Build.0 = Release|Any CPU
		{86242CC2-4EF1-450E-9FC3-8F58E6AB5D35}.Debug|Any CPU.ActiveCfg = Debug|Any CPU
		{86242CC2-4EF1-450E-9FC3-8F58E6AB5D35}.Debug|Any CPU.Build.0 = Debug|Any CPU
		{86242CC2-4EF1-450E-9FC3-8F58E6AB5D35}.Release|Any CPU.ActiveCfg = Release|Any CPU
		{86242CC2-4EF1-450E-9FC3-8F58E6AB5D35}.Release|Any CPU.Build.0 = Release|Any CPU
	EndGlobalSection
	GlobalSection(NestedProjects) = preSolution
		{E8298AA7-0DF9-44F9-A0E2-F4FDD3FCE2E3} = {10C47D38-EF04-464A-97E3-2FD99937C4F0}
		{35E4D8A7-0FE1-40CE-B595-53718264028B} = {E8298AA7-0DF9-44F9-A0E2-F4FDD3FCE2E3}
		{78386615-AD0C-485D-994E-A2BA573778F1} = {E8298AA7-0DF9-44F9-A0E2-F4FDD3FCE2E3}
		{23E2CC62-27AA-4D35-87A1-8619D7D9BB71} = {E8298AA7-0DF9-44F9-A0E2-F4FDD3FCE2E3}
		{5AD3B20E-96B7-468C-8E2C-6216A1825934} = {E8298AA7-0DF9-44F9-A0E2-F4FDD3FCE2E3}
		{6AE3A939-96BC-4BB1-A3F7-D04AF972C53D} = {10C47D38-EF04-464A-97E3-2FD99937C4F0}
		{F0B51BD9-5AE1-4113-83B3-7A21161E1636} = {6AE3A939-96BC-4BB1-A3F7-D04AF972C53D}
		{1E3FBC33-7F38-42E1-9EA4-07FD1DA630EE} = {10C47D38-EF04-464A-97E3-2FD99937C4F0}
		{B717C48F-32AC-4723-9A6B-76011CF4F4FF} = {1E3FBC33-7F38-42E1-9EA4-07FD1DA630EE}
		{4B27AF43-FF3A-42EB-AD40-8002BC3746BE} = {B717C48F-32AC-4723-9A6B-76011CF4F4FF}
		{114F3B84-C8C2-48E8-9B68-C81280B32250} = {B717C48F-32AC-4723-9A6B-76011CF4F4FF}
		{9B7FB1C1-0546-4B31-8FC4-6339F382A77B} = {B717C48F-32AC-4723-9A6B-76011CF4F4FF}
		{CB3CA54D-FD65-4010-A740-C9DE59238679} = {B717C48F-32AC-4723-9A6B-76011CF4F4FF}
		{8DBEC9AF-FA55-48DE-8BDD-C8003C1109C5} = {1E3FBC33-7F38-42E1-9EA4-07FD1DA630EE}
		{81F09CDC-ED93-4F80-B136-19EE03C2BDF8} = {8DBEC9AF-FA55-48DE-8BDD-C8003C1109C5}
		{5FEE691E-ABDF-4966-81B0-6C2D11327BF9} = {8DBEC9AF-FA55-48DE-8BDD-C8003C1109C5}
		{DAF0437E-FA55-405C-828A-A75C4000DF3B} = {8DBEC9AF-FA55-48DE-8BDD-C8003C1109C5}
		{64775EC2-E10C-4AD9-92F3-A4462DEDD5C5} = {8DBEC9AF-FA55-48DE-8BDD-C8003C1109C5}
		{4CA06D68-D55A-4C10-9634-E3827C28341A} = {1E3FBC33-7F38-42E1-9EA4-07FD1DA630EE}
		{CC40843E-C12F-478D-9795-7DA0A3E3B835} = {1E3FBC33-7F38-42E1-9EA4-07FD1DA630EE}
		{03E17F5C-127D-4369-9E1B-E8C9391EA6A0} = {1E3FBC33-7F38-42E1-9EA4-07FD1DA630EE}
		{BC48EEB6-D159-4D64-81AD-DA6EB4CE24B6} = {1E3FBC33-7F38-42E1-9EA4-07FD1DA630EE}
		{FF2EF033-F784-46C5-B9E6-7D0D4D5C221A} = {1E3FBC33-7F38-42E1-9EA4-07FD1DA630EE}
		{96F90142-28D5-4D16-A3D3-F71538862AD3} = {FF2EF033-F784-46C5-B9E6-7D0D4D5C221A}
		{7D520577-1A54-412C-87D1-C11AD6CABF9F} = {FF2EF033-F784-46C5-B9E6-7D0D4D5C221A}
		{1166FBF5-4678-4C5D-B9CC-9D8CCA9636B4} = {FF2EF033-F784-46C5-B9E6-7D0D4D5C221A}
		{59CA94DF-5654-45B7-A20C-C7F42CB61F31} = {FF2EF033-F784-46C5-B9E6-7D0D4D5C221A}
		{5FEBE627-1480-4B94-8FEC-DF4D10A2C71A} = {1E3FBC33-7F38-42E1-9EA4-07FD1DA630EE}
		{56504888-D3B7-49A3-82A8-FD7A7E0ECBA0} = {5FEBE627-1480-4B94-8FEC-DF4D10A2C71A}
		{E5BA6B7A-6E4D-409A-931D-0C7038575C00} = {5FEBE627-1480-4B94-8FEC-DF4D10A2C71A}
		{2AC190A3-45A2-4A6B-A48B-6D01BD025AFF} = {5FEBE627-1480-4B94-8FEC-DF4D10A2C71A}
		{D3AE798A-6E9E-4531-9A4D-C9F5A6EAF89B} = {5FEBE627-1480-4B94-8FEC-DF4D10A2C71A}
		{55785F32-4AAF-4D5C-B765-C84DFBB7CF8B} = {1E3FBC33-7F38-42E1-9EA4-07FD1DA630EE}
		{94660D57-1C8C-4030-8343-8495FC9DFB64} = {55785F32-4AAF-4D5C-B765-C84DFBB7CF8B}
		{26B7F6CE-76E0-4A6D-89DB-22C619902A1D} = {55785F32-4AAF-4D5C-B765-C84DFBB7CF8B}
		{02541179-243D-4263-80E0-A40ACCBD0EA0} = {55785F32-4AAF-4D5C-B765-C84DFBB7CF8B}
		{D42B5847-ACF0-4FD5-B7DC-348E5D57E959} = {55785F32-4AAF-4D5C-B765-C84DFBB7CF8B}
		{83A4000F-DEC7-4AF4-BD4D-64BF2C6C29BB} = {1E3FBC33-7F38-42E1-9EA4-07FD1DA630EE}
		{84B6B6B4-D1D0-4665-85F3-4D0953C32F24} = {83A4000F-DEC7-4AF4-BD4D-64BF2C6C29BB}
		{F94712C2-3C6E-4DC8-BE02-66BE3D3B0CEE} = {83A4000F-DEC7-4AF4-BD4D-64BF2C6C29BB}
		{A3EFE13E-3EE8-4E16-9AEA-155960BD33AC} = {83A4000F-DEC7-4AF4-BD4D-64BF2C6C29BB}
		{7018C988-EA4B-4EC8-A508-97EBACF9A207} = {83A4000F-DEC7-4AF4-BD4D-64BF2C6C29BB}
		{00E6BEB3-FAA7-4837-B39E-1ABDC2744525} = {1E3FBC33-7F38-42E1-9EA4-07FD1DA630EE}
		{4CD1017F-8D4A-40EF-8F45-D4C3D0DCE955} = {00E6BEB3-FAA7-4837-B39E-1ABDC2744525}
		{E4A2DC6A-2CE9-4DB4-8A37-A4AED60E155D} = {00E6BEB3-FAA7-4837-B39E-1ABDC2744525}
		{430DA372-36F7-41CF-93DE-809355B8F2C7} = {00E6BEB3-FAA7-4837-B39E-1ABDC2744525}
		{5061B79E-DDBD-4AAC-9E8D-538A43D3C374} = {00E6BEB3-FAA7-4837-B39E-1ABDC2744525}
		{F83A78BE-BB29-45A3-A6E7-FD500BCFA899} = {1E3FBC33-7F38-42E1-9EA4-07FD1DA630EE}
		{7EA02FB5-DA59-478F-BCD3-33A7D8909D53} = {F83A78BE-BB29-45A3-A6E7-FD500BCFA899}
		{D391BF8B-A5D0-4317-AA21-296A9E923BF6} = {F83A78BE-BB29-45A3-A6E7-FD500BCFA899}
		{8B8F912A-705C-4119-A4F0-F0CF138281CF} = {F83A78BE-BB29-45A3-A6E7-FD500BCFA899}
		{5AF2F2FB-83AA-46E3-A5EF-79DCEC10F273} = {F83A78BE-BB29-45A3-A6E7-FD500BCFA899}
		{63EED86D-240D-4930-B18D-F121B8792B4E} = {1E3FBC33-7F38-42E1-9EA4-07FD1DA630EE}
		{26512683-0BBF-4707-A9DA-040A9ECC0D38} = {63EED86D-240D-4930-B18D-F121B8792B4E}
		{D8F16A3A-263E-40C9-9C25-2AFF7EE1BA54} = {63EED86D-240D-4930-B18D-F121B8792B4E}
		{851AC670-E939-4EEA-BBA3-2006BA750411} = {63EED86D-240D-4930-B18D-F121B8792B4E}
		{8A52043E-7F56-44FF-BFC5-9C6685F4DB7C} = {63EED86D-240D-4930-B18D-F121B8792B4E}
		{31C5F88E-FE24-4E55-B51D-9B9925B31944} = {1E3FBC33-7F38-42E1-9EA4-07FD1DA630EE}
		{00D0B82A-4D90-4EF4-8B70-EC30D5CE34D3} = {31C5F88E-FE24-4E55-B51D-9B9925B31944}
		{271DEADD-4018-4C9D-BD38-E0550D46F9CD} = {31C5F88E-FE24-4E55-B51D-9B9925B31944}
		{C9EA1B67-84BE-4D68-923A-3A261ECC5429} = {31C5F88E-FE24-4E55-B51D-9B9925B31944}
		{3A5E7A3C-41B8-4699-834A-B8294777A684} = {31C5F88E-FE24-4E55-B51D-9B9925B31944}
		{DBE4F42E-969D-43CD-85EB-5C414783504D} = {1E3FBC33-7F38-42E1-9EA4-07FD1DA630EE}
		{38E84C6B-2352-477A-A1B0-400437676213} = {DBE4F42E-969D-43CD-85EB-5C414783504D}
		{51F00473-B760-40C0-BE50-AD33D5870E1D} = {DBE4F42E-969D-43CD-85EB-5C414783504D}
		{8217A716-DCC9-4A23-B39A-C24BE2535884} = {DBE4F42E-969D-43CD-85EB-5C414783504D}
		{314C4B85-528B-43EE-A16C-2BDA65D0ADCA} = {DBE4F42E-969D-43CD-85EB-5C414783504D}
		{2D37DE9A-AE33-4D7F-B5A7-E8E612CCAA5B} = {A73F4B06-B8B8-4E37-B109-51F7E022A74D}
		{86242CC2-4EF1-450E-9FC3-8F58E6AB5D35} = {A73F4B06-B8B8-4E37-B109-51F7E022A74D}
	EndGlobalSection
EndGlobal
